Microsoft Visual Studio Solution File, Format Version 12.00
# Visual Studio Version 16
VisualStudioVersion = 16.0.30621.155
MinimumVisualStudioVersion = 10.0.40219.1
Project("{9A19103F-16F7-4668-BE54-9A1E7A4F7556}") = "IntegrationTests.Tests", "IntegrationTests.Tests\IntegrationTests.Tests.csproj", "{414C4571-FEAC-48CF-8F70-ABC6593328AB}"
	ProjectSection(ProjectDependencies) = postProject
		{FC1F2C56-A2FC-43BC-A503-837E672A5A59} = {FC1F2C56-A2FC-43BC-A503-837E672A5A59}
		{397BD4CA-0F47-4CCB-A2D4-F2142B724D4B} = {397BD4CA-0F47-4CCB-A2D4-F2142B724D4B}
	EndProjectSection
EndProject
Project("{00D1A9C2-B5F0-4AF3-8072-F6C62B433612}") = "IntegrationTests.Database", "IntegrationTests.Database\IntegrationTests.Database.sqlproj", "{FC1F2C56-A2FC-43BC-A503-837E672A5A59}"
EndProject
Project("{9A19103F-16F7-4668-BE54-9A1E7A4F7556}") = "IntegrationTests.Api", "IntegrationTests.Api\IntegrationTests.Api.csproj", "{397BD4CA-0F47-4CCB-A2D4-F2142B724D4B}"
EndProject
Global
	GlobalSection(SolutionConfigurationPlatforms) = preSolution
		Debug|Any CPU = Debug|Any CPU
		Release|Any CPU = Release|Any CPU
	EndGlobalSection
	GlobalSection(ProjectConfigurationPlatforms) = postSolution
		{414C4571-FEAC-48CF-8F70-ABC6593328AB}.Debug|Any CPU.ActiveCfg = Debug|Any CPU
		{414C4571-FEAC-48CF-8F70-ABC6593328AB}.Debug|Any CPU.Build.0 = Debug|Any CPU
		{414C4571-FEAC-48CF-8F70-ABC6593328AB}.Release|Any CPU.ActiveCfg = Release|Any CPU
		{414C4571-FEAC-48CF-8F70-ABC6593328AB}.Release|Any CPU.Build.0 = Release|Any CPU
		{FC1F2C56-A2FC-43BC-A503-837E672A5A59}.Debug|Any CPU.ActiveCfg = Debug|Any CPU
		{FC1F2C56-A2FC-43BC-A503-837E672A5A59}.Debug|Any CPU.Build.0 = Debug|Any CPU
		{FC1F2C56-A2FC-43BC-A503-837E672A5A59}.Debug|Any CPU.Deploy.0 = Debug|Any CPU
		{FC1F2C56-A2FC-43BC-A503-837E672A5A59}.Release|Any CPU.ActiveCfg = Release|Any CPU
		{FC1F2C56-A2FC-43BC-A503-837E672A5A59}.Release|Any CPU.Build.0 = Release|Any CPU
		{FC1F2C56-A2FC-43BC-A503-837E672A5A59}.Release|Any CPU.Deploy.0 = Release|Any CPU
		{397BD4CA-0F47-4CCB-A2D4-F2142B724D4B}.Debug|Any CPU.ActiveCfg = Debug|Any CPU
		{397BD4CA-0F47-4CCB-A2D4-F2142B724D4B}.Debug|Any CPU.Build.0 = Debug|Any CPU
		{397BD4CA-0F47-4CCB-A2D4-F2142B724D4B}.Release|Any CPU.ActiveCfg = Release|Any CPU
		{397BD4CA-0F47-4CCB-A2D4-F2142B724D4B}.Release|Any CPU.Build.0 = Release|Any CPU
	EndGlobalSection
	GlobalSection(SolutionProperties) = preSolution
		HideSolutionNode = FALSE
	EndGlobalSection
	GlobalSection(ExtensibilityGlobals) = postSolution
		SolutionGuid = {A29130CA-0A93-49EF-8B70-CA3262197392}
	EndGlobalSection
EndGlobal
